
Microsoft Visual Studio Solution File, Format Version 12.00
# Visual Studio Version 16
VisualStudioVersion = 16.0.29020.237
MinimumVisualStudioVersion = 10.0.40219.1
Project("{FAE04EC0-301F-11D3-BF4B-00C04F79EFBC}") = "Discord Bots", "Discord Bots.csproj", "{BB5853B0-BB6A-444F-A099-0820CD1CDE7A}"
EndProject
Global
	GlobalSection(SolutionConfigurationPlatforms) = preSolution
		Debug|Any CPU = Debug|Any CPU
		Release|Any CPU = Release|Any CPU
	EndGlobalSection
	GlobalSection(ProjectConfigurationPlatforms) = postSolution
		{BB5853B0-BB6A-444F-A099-0820CD1CDE7A}.Debug|Any CPU.ActiveCfg = Debug|Any CPU
		{BB5853B0-BB6A-444F-A099-0820CD1CDE7A}.Debug|Any CPU.Build.0 = Debug|Any CPU
		{BB5853B0-BB6A-444F-A099-0820CD1CDE7A}.Release|Any CPU.ActiveCfg = Release|Any CPU
		{BB5853B0-BB6A-444F-A099-0820CD1CDE7A}.Release|Any CPU.Build.0 = Release|Any CPU
	EndGlobalSection
	GlobalSection(SolutionProperties) = preSolution
		HideSolutionNode = FALSE
	EndGlobalSection
	GlobalSection(ExtensibilityGlobals) = postSolution
		SolutionGuid = {C9BF2F28-7740-4DC1-ACA0-B494F07B76F4}
	EndGlobalSection
EndGlobal
